
Microsoft Visual Studio Solution File, Format Version 12.00
# Visual Studio Version 17
VisualStudioVersion = 17.4.33122.133
MinimumVisualStudioVersion = 10.0.40219.1
Project("{FAE04EC0-301F-11D3-BF4B-00C04F79EFBC}") = "PlanAhead", "PlanAhead.csproj", "{F66357EC-0681-48C7-A310-4176B6DEB259}"
EndProject
Global
	GlobalSection(SolutionConfigurationPlatforms) = preSolution
		Debug|Any CPU = Debug|Any CPU
		Release|Any CPU = Release|Any CPU
	EndGlobalSection
	GlobalSection(ProjectConfigurationPlatforms) = postSolution
		{F66357EC-0681-48C7-A310-4176B6DEB259}.Debug|Any CPU.ActiveCfg = Debug|Any CPU
		{F66357EC-0681-48C7-A310-4176B6DEB259}.Debug|Any CPU.Build.0 = Debug|Any CPU
		{F66357EC-0681-48C7-A310-4176B6DEB259}.Release|Any CPU.ActiveCfg = Release|Any CPU
		{F66357EC-0681-48C7-A310-4176B6DEB259}.Release|Any CPU.Build.0 = Release|Any CPU
	EndGlobalSection
	GlobalSection(SolutionProperties) = preSolution
		HideSolutionNode = FALSE
	EndGlobalSection
	GlobalSection(ExtensibilityGlobals) = postSolution
		SolutionGuid = {C0D59ADD-3A27-4561-922D-DFAF9C959D5C}
	EndGlobalSection
EndGlobal
